
Microsoft Visual Studio Solution File, Format Version 12.00
# Visual Studio Version 16
VisualStudioVersion = 16.0.30309.148
MinimumVisualStudioVersion = 10.0.40219.1
Project("{FAE04EC0-301F-11D3-BF4B-00C04F79EFBC}") = "KG_lab2_v2", "SecondLab\KG_lab2_v2.csproj", "{3A235297-B745-4167-A482-2743AB2E52B6}"
EndProject
Global
	GlobalSection(SolutionConfigurationPlatforms) = preSolution
		Debug|Any CPU = Debug|Any CPU
		Release|Any CPU = Release|Any CPU
	EndGlobalSection
	GlobalSection(ProjectConfigurationPlatforms) = postSolution
		{3A235297-B745-4167-A482-2743AB2E52B6}.Debug|Any CPU.ActiveCfg = Debug|Any CPU
		{3A235297-B745-4167-A482-2743AB2E52B6}.Debug|Any CPU.Build.0 = Debug|Any CPU
		{3A235297-B745-4167-A482-2743AB2E52B6}.Release|Any CPU.ActiveCfg = Release|Any CPU
		{3A235297-B745-4167-A482-2743AB2E52B6}.Release|Any CPU.Build.0 = Release|Any CPU
	EndGlobalSection
	GlobalSection(SolutionProperties) = preSolution
		HideSolutionNode = FALSE
	EndGlobalSection
	GlobalSection(ExtensibilityGlobals) = postSolution
		SolutionGuid = {587C09B7-F501-457F-BDF3-48492AD515C4}
	EndGlobalSection
EndGlobal
